
Microsoft Visual Studio Solution File, Format Version 12.00
# Visual Studio Version 17
VisualStudioVersion = 17.2.32630.192
MinimumVisualStudioVersion = 10.0.40219.1
Project("{8BC9CEB8-8B4A-11D0-8D11-00A0C91BC942}") = "第八章 图", "第八章 图\第八章 图.vcxproj", "{26BA52FF-D0D3-433F-A31C-F349811F5157}"
EndProject
Global
	GlobalSection(SolutionConfigurationPlatforms) = preSolution
		Debug|x64 = Debug|x64
		Debug|x86 = Debug|x86
		Release|x64 = Release|x64
		Release|x86 = Release|x86
	EndGlobalSection
	GlobalSection(ProjectConfigurationPlatforms) = postSolution
		{26BA52FF-D0D3-433F-A31C-F349811F5157}.Debug|x64.ActiveCfg = Debug|x64
		{26BA52FF-D0D3-433F-A31C-F349811F5157}.Debug|x64.Build.0 = Debug|x64
		{26BA52FF-D0D3-433F-A31C-F349811F5157}.Debug|x86.ActiveCfg = Debug|Win32
		{26BA52FF-D0D3-433F-A31C-F349811F5157}.Debug|x86.Build.0 = Debug|Win32
		{26BA52FF-D0D3-433F-A31C-F349811F5157}.Release|x64.ActiveCfg = Release|x64
		{26BA52FF-D0D3-433F-A31C-F349811F5157}.Release|x64.Build.0 = Release|x64
		{26BA52FF-D0D3-433F-A31C-F349811F5157}.Release|x86.ActiveCfg = Release|Win32
		{26BA52FF-D0D3-433F-A31C-F349811F5157}.Release|x86.Build.0 = Release|Win32
	EndGlobalSection
	GlobalSection(SolutionProperties) = preSolution
		HideSolutionNode = FALSE
	EndGlobalSection
	GlobalSection(ExtensibilityGlobals) = postSolution
		SolutionGuid = {5127C134-DE5C-4593-AAC9-7FAA56EAE774}
	EndGlobalSection
EndGlobal
